
Microsoft Visual Studio Solution File, Format Version 12.00
# Visual Studio 15
VisualStudioVersion = 15.0.27428.2043
MinimumVisualStudioVersion = 10.0.40219.1
Project("{FAE04EC0-301F-11D3-BF4B-00C04F79EFBC}") = "WebApiJwtAngular.Web.Api", "WebApiJwtAngular.Web.Api\WebApiJwtAngular.Web.Api.csproj", "{97130CA3-7574-4D3A-8D73-1E5895A943B2}"
EndProject
Project("{FAE04EC0-301F-11D3-BF4B-00C04F79EFBC}") = "WebApiJwtAngular.Data", "WebApiJwtAngular.Data\WebApiJwtAngular.Data.csproj", "{2289FA6B-86B0-44C9-9EFA-33F472BC90F3}"
EndProject
Global
	GlobalSection(SolutionConfigurationPlatforms) = preSolution
		Debug|Any CPU = Debug|Any CPU
		Release|Any CPU = Release|Any CPU
	EndGlobalSection
	GlobalSection(ProjectConfigurationPlatforms) = postSolution
		{97130CA3-7574-4D3A-8D73-1E5895A943B2}.Debug|Any CPU.ActiveCfg = Debug|Any CPU
		{97130CA3-7574-4D3A-8D73-1E5895A943B2}.Debug|Any CPU.Build.0 = Debug|Any CPU
		{97130CA3-7574-4D3A-8D73-1E5895A943B2}.Release|Any CPU.ActiveCfg = Release|Any CPU
		{97130CA3-7574-4D3A-8D73-1E5895A943B2}.Release|Any CPU.Build.0 = Release|Any CPU
		{2289FA6B-86B0-44C9-9EFA-33F472BC90F3}.Debug|Any CPU.ActiveCfg = Debug|Any CPU
		{2289FA6B-86B0-44C9-9EFA-33F472BC90F3}.Debug|Any CPU.Build.0 = Debug|Any CPU
		{2289FA6B-86B0-44C9-9EFA-33F472BC90F3}.Release|Any CPU.ActiveCfg = Release|Any CPU
		{2289FA6B-86B0-44C9-9EFA-33F472BC90F3}.Release|Any CPU.Build.0 = Release|Any CPU
	EndGlobalSection
	GlobalSection(SolutionProperties) = preSolution
		HideSolutionNode = FALSE
	EndGlobalSection
	GlobalSection(ExtensibilityGlobals) = postSolution
		SolutionGuid = {D7B0A6D1-D747-4DDD-AC13-E3A9B078C21A}
	EndGlobalSection
EndGlobal
